
Microsoft Visual Studio Solution File, Format Version 12.00
# Visual Studio 15
VisualStudioVersion = 15.0.27130.2024
MinimumVisualStudioVersion = 10.0.40219.1
Project("{FAE04EC0-301F-11D3-BF4B-00C04F79EFBC}") = "BinarySearch", "BinarySearch\BinarySearch.csproj", "{00881B1A-9DD3-410B-81CD-6D86D59811A2}"
EndProject
Global
	GlobalSection(SolutionConfigurationPlatforms) = preSolution
		Debug|Any CPU = Debug|Any CPU
		Release|Any CPU = Release|Any CPU
	EndGlobalSection
	GlobalSection(ProjectConfigurationPlatforms) = postSolution
		{00881B1A-9DD3-410B-81CD-6D86D59811A2}.Debug|Any CPU.ActiveCfg = Debug|Any CPU
		{00881B1A-9DD3-410B-81CD-6D86D59811A2}.Debug|Any CPU.Build.0 = Debug|Any CPU
		{00881B1A-9DD3-410B-81CD-6D86D59811A2}.Release|Any CPU.ActiveCfg = Release|Any CPU
		{00881B1A-9DD3-410B-81CD-6D86D59811A2}.Release|Any CPU.Build.0 = Release|Any CPU
	EndGlobalSection
	GlobalSection(SolutionProperties) = preSolution
		HideSolutionNode = FALSE
	EndGlobalSection
	GlobalSection(ExtensibilityGlobals) = postSolution
		SolutionGuid = {B010F6A9-6CE9-46F8-959A-8D186963E2A5}
	EndGlobalSection
EndGlobal
